[root]
name = "mct"
version = "0.0.1"
dependencies = [
 "augeas 0.0.1 (git+https://github.com/panicbit/rust-augeas.git)",
 "docopt_macros 0.6.30 (git+https://github.com/docopt/docopt.rs)",
]

[[package]]
name = "augeas"
version = "0.0.1"
source = "git+https://github.com/panicbit/rust-augeas.git#d0381730cb901c88e4e4ae79c39593c668267332"

[[package]]
name = "docopt"
version = "0.6.30"
source = "git+https://github.com/docopt/docopt.rs#9801d525967794c0dc7c8ec7fd840d981275040b"
dependencies = [
 "regex 0.1.10 (registry+https://github.com/rust-lang/crates.io-index)",
 "rustc-serialize 0.2.7 (registry+https://github.com/rust-lang/crates.io-index)",
]

[[package]]
name = "docopt_macros"
version = "0.6.30"
source = "git+https://github.com/docopt/docopt.rs#9801d525967794c0dc7c8ec7fd840d981275040b"
dependencies = [
 "docopt 0.6.30 (git+https://github.com/docopt/docopt.rs)",
]

[[package]]
name = "regex"
version = "0.1.10"
source = "registry+https://github.com/rust-lang/crates.io-index"

[[package]]
name = "rustc-serialize"
version = "0.2.7"
source = "registry+https://github.com/rust-lang/crates.io-index"

