[root]
name = "mct"
version = "0.0.1"
dependencies = [
 "augeas 0.0.1 (git+https://github.com/panicbit/rust-augeas.git)",
 "docopt_macros 0.6.21 (git+https://github.com/alexcrichton/docopt.rs.git?branch=update)",
]

[[package]]
name = "augeas"
version = "0.0.1"
source = "git+https://github.com/panicbit/rust-augeas.git#620650282d0f669d147e2d6e9c36f9229c5c087a"

[[package]]
name = "docopt"
version = "0.6.21"
source = "git+https://github.com/alexcrichton/docopt.rs.git?branch=update#fc5553b17b5c7befe940ab3375e497d3d5f6731d"
dependencies = [
 "regex 0.1.6 (registry+https://github.com/rust-lang/crates.io-index)",
 "rustc-serialize 0.2.2 (registry+https://github.com/rust-lang/crates.io-index)",
]

[[package]]
name = "docopt_macros"
version = "0.6.21"
source = "git+https://github.com/alexcrichton/docopt.rs.git?branch=update#fc5553b17b5c7befe940ab3375e497d3d5f6731d"
dependencies = [
 "docopt 0.6.21 (git+https://github.com/alexcrichton/docopt.rs.git?branch=update)",
]

[[package]]
name = "regex"
version = "0.1.6"
source = "registry+https://github.com/rust-lang/crates.io-index"

[[package]]
name = "rustc-serialize"
version = "0.2.2"
source = "registry+https://github.com/rust-lang/crates.io-index"

